
Microsoft Visual Studio Solution File, Format Version 12.00
# Visual Studio 15
Project("{FAE04EC0-301F-11D3-BF4B-00C04F79EFBC}") = "study-aspnetcore1", "study-aspnetcore1\study-aspnetcore1.csproj", "{ACB0839F-9ACD-441F-92B8-4C465C0ED31E}"
EndProject
Global
	GlobalSection(SolutionConfigurationPlatforms) = preSolution
		Debug|Any CPU = Debug|Any CPU
		Release|Any CPU = Release|Any CPU
	EndGlobalSection
	GlobalSection(ProjectConfigurationPlatforms) = postSolution
		{ACB0839F-9ACD-441F-92B8-4C465C0ED31E}.Debug|Any CPU.ActiveCfg = Debug|Any CPU
		{ACB0839F-9ACD-441F-92B8-4C465C0ED31E}.Debug|Any CPU.Build.0 = Debug|Any CPU
		{ACB0839F-9ACD-441F-92B8-4C465C0ED31E}.Release|Any CPU.ActiveCfg = Release|Any CPU
		{ACB0839F-9ACD-441F-92B8-4C465C0ED31E}.Release|Any CPU.Build.0 = Release|Any CPU
	EndGlobalSection
	GlobalSection(MonoDevelopProperties) = preSolution
		Policies = $0
		$0.DotNetNamingPolicy = $1
		$1.DirectoryNamespaceAssociation = PrefixedHierarchical
		$0.StandardHeader = $2
	EndGlobalSection
EndGlobal
